{
  "originHash" : "17e7164180ade2e1d64f9d321fcbeaf7d6975dcd109812c35a7e19caec20bb7f",
  "pins" : [
    {
      "identity" : "asn1",
      "kind" : "remoteSourceControl",
      "location" : "https://github.com/leif-ibsen/ASN1",
      "state" : {
        "revision" : "e38d1b8b43d8b53ffadde9836f34289176bb7a0c",
        "version" : "2.7.0"
      }
    },
    {
      "identity" : "bigint",
      "kind" : "remoteSourceControl",
      "location" : "https://github.com/leif-ibsen/BigInt",
      "state" : {
        "revision" : "c2f49bee454760e433bafff17bfdc5b96f75d7c8",
        "version" : "1.23.0"
      }
    },
    {
      "identity" : "digest",
      "kind" : "remoteSourceControl",
      "location" : "https://github.com/leif-ibsen/Digest",
      "state" : {
        "revision" : "95ba89b494aaff5f3cd2933c03b9a890323dbf2c",
        "version" : "1.13.0"
      }
    },
    {
      "identity" : "eudi-lib-ios-iso18013-data-model",
      "kind" : "remoteSourceControl",
      "location" : "https://github.com/eu-digital-identity-wallet/eudi-lib-ios-iso18013-data-model.git",
      "state" : {
        "revision" : "ef6109faf36fbc310a3d9d32baf2e82470a57284",
        "version" : "0.12.0"
      }
    },
    {
      "identity" : "eudi-lib-ios-iso18013-data-transfer",
      "kind" : "remoteSourceControl",
      "location" : "https://github.com/eu-digital-identity-wallet/eudi-lib-ios-iso18013-data-transfer.git",
      "state" : {
        "revision" : "952f7a9d2a46aa2846c136d7ad4d97df51e9cd6c",
        "version" : "0.12.0"
      }
    },
    {
      "identity" : "eudi-lib-ios-iso18013-security",
      "kind" : "remoteSourceControl",
      "location" : "https://github.com/eu-digital-identity-wallet/eudi-lib-ios-iso18013-security.git",
      "state" : {
        "revision" : "e8fa624673650483c9ad8b536359846f776f44f1",
        "version" : "0.12.0"
      }
    },
    {
      "identity" : "eudi-lib-ios-wallet-storage",
      "kind" : "remoteSourceControl",
      "location" : "https://github.com/eu-digital-identity-wallet/eudi-lib-ios-wallet-storage.git",
      "state" : {
        "revision" : "dbb58fed79b5560b99be78d52d3a176de48858a2",
        "version" : "0.11.3"
      }
    },
    {
      "identity" : "swift-asn1",
      "kind" : "remoteSourceControl",
      "location" : "https://github.com/apple/swift-asn1.git",
      "state" : {
        "revision" : "eb50cbd14606a9161cbc5d452f18797c90ef0bab",
        "version" : "1.7.0"
      }
    },
    {
      "identity" : "swift-certificates",
      "kind" : "remoteSourceControl",
      "location" : "https://github.com/apple/swift-certificates.git",
      "state" : {
        "revision" : "5aa1c0d1bc204908df47c2075bdbb39573d05e8d",
        "version" : "1.19.0"
      }
    },
    {
      "identity" : "swift-collections",
      "kind" : "remoteSourceControl",
      "location" : "https://github.com/apple/swift-collections.git",
      "state" : {
        "revision" : "6675bc0ff86e61436e615df6fc5174e043e57924",
        "version" : "1.4.1"
      }
    },
    {
      "identity" : "swift-crypto",
      "kind" : "remoteSourceControl",
      "location" : "https://github.com/apple/swift-crypto.git",
      "state" : {
        "revision" : "1b6b2e274e85105bfa155183145a1dcfd63331f1",
        "version" : "4.5.0"
      }
    },
    {
      "identity" : "swift-log",
      "kind" : "remoteSourceControl",
      "location" : "https://github.com/apple/swift-log.git",
      "state" : {
        "revision" : "5073617dac96330a486245e4c0179cb0a6fd2256",
        "version" : "1.12.0"
      }
    },
    {
      "identity" : "swift-syntax",
      "kind" : "remoteSourceControl",
      "location" : "https://github.com/swiftlang/swift-syntax.git",
      "state" : {
        "revision" : "64889f0c732f210a935a0ad7cda38f77f876262d",
        "version" : "509.1.1"
      }
    },
    {
      "identity" : "swiftcbor",
      "kind" : "remoteSourceControl",
      "location" : "https://github.com/niscy-eudiw/SwiftCBOR.git",
      "state" : {
        "revision" : "a663e7a6bd50d2224223ed60622b531b18499dd0",
        "version" : "0.6.4"
      }
    },
    {
      "identity" : "swiftcopyablemacro",
      "kind" : "remoteSourceControl",
      "location" : "https://github.com/eu-digital-identity-wallet/SwiftCopyableMacro.git",
      "state" : {
        "revision" : "d535b0836be52c846d87605adad1205445e4dc35",
        "version" : "0.0.4"
      }
    },
    {
      "identity" : "swifthpke",
      "kind" : "remoteSourceControl",
      "location" : "https://github.com/leif-ibsen/SwiftHPKE",
      "state" : {
        "revision" : "38742b7ac47912d156f57957cc9ccb9d6b3ad3a7",
        "version" : "2.8.0"
      }
    },
    {
      "identity" : "swiftyjson",
      "kind" : "remoteSourceControl",
      "location" : "https://github.com/SwiftyJSON/SwiftyJSON.git",
      "state" : {
        "revision" : "af76cf3ef710b6ca5f8c05f3a31307d44a3c5828",
        "version" : "5.0.2"
      }
    }
  ],
  "version" : 3
}
